# This file was autogenerated by uv via the following command:
#    uv pip compile apps/api/requirements-dataset.in -o apps/api/requirements-dataset.lock
numpy==2.3.5
    # via
    #   -r apps/api/requirements-dataset.in
    #   pandas
pandas==2.3.3
    # via -r apps/api/requirements-dataset.in
pyarrow==23.0.1
    # via -r apps/api/requirements-dataset.in
python-dateutil==2.9.0.post0
    # via pandas
pytz==2026.3.post1
    # via pandas
six==1.17.0
    # via python-dateutil
tzdata==2026.4
    # via pandas
