# This file was autogenerated by uv via the following command:
#    uv pip compile apps/api/requirements-model.in -o apps/api/requirements-model.lock
cloudpickle==3.1.2
    # via joblib
joblib==1.6.0
    # via
    #   -r apps/api/requirements-model.in
    #   scikit-learn
narwhals==2.26.0
    # via scikit-learn
numpy==2.3.5
    # via
    #   -r apps/api/requirements-dataset.lock
    #   pandas
    #   scikit-learn
    #   scipy
    #   xgboost
pandas==2.3.3
    # via -r apps/api/requirements-dataset.lock
pyarrow==23.0.1
    # via -r apps/api/requirements-dataset.lock
python-dateutil==2.9.0.post0
    # via
    #   -r apps/api/requirements-dataset.lock
    #   pandas
pytz==2026.3.post1
    # via
    #   -r apps/api/requirements-dataset.lock
    #   pandas
scikit-learn==1.9.1
    # via -r apps/api/requirements-model.in
scipy==1.18.1
    # via
    #   scikit-learn
    #   xgboost
six==1.17.0
    # via
    #   -r apps/api/requirements-dataset.lock
    #   python-dateutil
threadpoolctl==3.7.0
    # via
    #   -r apps/api/requirements-model.in
    #   scikit-learn
tzdata==2026.4
    # via
    #   -r apps/api/requirements-dataset.lock
    #   pandas
xgboost==3.4.1
    # via -r apps/api/requirements-model.in
