# This file was autogenerated by uv via the following command:
#    uv pip compile apps/api/pyproject.toml --extra dev -o apps/api/requirements-dev.lock
annotated-doc==0.0.5
    # via fastapi
annotated-types==0.8.0
    # via pydantic
anyio==4.15.1
    # via
    #   httpx
    #   starlette
certifi==2026.7.22
    # via
    #   httpcore
    #   httpx
    #   requests
cffi==2.1.1
    # via cryptography
charset-normalizer==3.5.1
    # via requests
click==8.5.0
    # via uvicorn
cryptography==50.0.1
    # via google-auth
earthengine-api==1.7.43
    # via airshedos-api (apps/api/pyproject.toml)
fastapi==0.141.1
    # via airshedos-api (apps/api/pyproject.toml)
google-api-core==2.36.0
    # via
    #   google-api-python-client
    #   google-cloud-core
    #   google-cloud-storage
google-api-python-client==2.200.0
    # via earthengine-api
google-auth==2.58.0
    # via
    #   earthengine-api
    #   google-api-core
    #   google-api-python-client
    #   google-auth-httplib2
    #   google-cloud-core
    #   google-cloud-storage
google-auth-httplib2==0.4.2
    # via
    #   earthengine-api
    #   google-api-python-client
google-cloud-core==2.7.0
    # via google-cloud-storage
google-cloud-storage==3.14.1
    # via earthengine-api
google-crc32c==1.8.0
    # via
    #   google-cloud-storage
    #   google-resumable-media
google-resumable-media==2.10.2
    # via google-cloud-storage
googleapis-common-protos==1.75.3
    # via google-api-core
h11==0.16.0
    # via
    #   httpcore
    #   uvicorn
httpcore==1.0.9
    # via httpx
httplib2==0.32.0
    # via
    #   earthengine-api
    #   google-api-python-client
    #   google-auth-httplib2
httpx==0.28.1
    # via airshedos-api (apps/api/pyproject.toml)
idna==3.19
    # via
    #   anyio
    #   httpx
    #   requests
iniconfig==2.3.0
    # via pytest
opentelemetry-api==1.44.0
    # via google-api-core
packaging==26.3
    # via pytest
pluggy==1.6.0
    # via pytest
proto-plus==1.28.4
    # via google-api-core
protobuf==7.36.1
    # via
    #   google-api-core
    #   googleapis-common-protos
    #   proto-plus
pyasn1==0.6.4
    # via pyasn1-modules
pyasn1-modules==0.4.2
    # via google-auth
pycparser==3.0
    # via cffi
pydantic==2.13.5
    # via
    #   airshedos-api (apps/api/pyproject.toml)
    #   fastapi
pydantic-core==2.46.5
    # via pydantic
pygments==2.21.0
    # via pytest
pyparsing==3.3.2
    # via httplib2
pytest==9.1.1
    # via airshedos-api (apps/api/pyproject.toml)
python-dotenv==1.2.3
    # via airshedos-api (apps/api/pyproject.toml)
requests==2.34.2
    # via
    #   earthengine-api
    #   google-api-core
    #   google-cloud-storage
ruff==0.16.6
    # via airshedos-api (apps/api/pyproject.toml)
starlette==1.6.0
    # via fastapi
typing-extensions==4.16.0
    # via
    #   anyio
    #   fastapi
    #   opentelemetry-api
    #   pydantic
    #   pydantic-core
    #   typing-inspection
typing-inspection==0.4.4
    # via
    #   fastapi
    #   pydantic
uritemplate==4.2.0
    # via google-api-python-client
urllib3==2.7.0
    # via requests
uvicorn==0.52.4
    # via airshedos-api (apps/api/pyproject.toml)
